
Microsoft Visual Studio Solution File, Format Version 12.00
# Visual Studio Version 17
VisualStudioVersion = 17.13.35931.197 d17.13
MinimumVisualStudioVersion = 10.0.40219.1
Project("{FAE04EC0-301F-11D3-BF4B-00C04F79EFBC}") = "ECommerceAPI", "ECommerceAPI.csproj", "{AFDAFAC2-F580-4B49-96CE-074B10CA7842}"
EndProject
Global
	GlobalSection(SolutionConfigurationPlatforms) = preSolution
		Debug|Any CPU = Debug|Any CPU
		Release|Any CPU = Release|Any CPU
	EndGlobalSection
	GlobalSection(ProjectConfigurationPlatforms) = postSolution
		{AFDAFAC2-F580-4B49-96CE-074B10CA7842}.Debug|Any CPU.ActiveCfg = Debug|Any CPU
		{AFDAFAC2-F580-4B49-96CE-074B10CA7842}.Debug|Any CPU.Build.0 = Debug|Any CPU
		{AFDAFAC2-F580-4B49-96CE-074B10CA7842}.Release|Any CPU.ActiveCfg = Release|Any CPU
		{AFDAFAC2-F580-4B49-96CE-074B10CA7842}.Release|Any CPU.Build.0 = Release|Any CPU
	EndGlobalSection
	GlobalSection(SolutionProperties) = preSolution
		HideSolutionNode = FALSE
	EndGlobalSection
	GlobalSection(ExtensibilityGlobals) = postSolution
		SolutionGuid = {FB3B1AC6-D7D0-429F-934B-7C8E57200C33}
	EndGlobalSection
EndGlobal
